# @generated by Move, please check-in and do not edit manually.

[move]
version = 3
manifest_digest = "0D856DD53D83CAE6AC2EB1627F1EC5449ED13B442EB5E6B39E706AB96944DB5B"
deps_digest = "F8BBB0CCB2491CA29A3DF03D6F92277A4F3574266507ACD77214D37ECA3F3082"
dependencies = [
  { id = "Sui", name = "Sui" },
]

[[move.package]]
id = "MoveStdlib"
source = { git = "https://github.com/MystenLabs/sui.git", rev = "framework/testnet", subdir = "crates/sui-framework/packages/move-stdlib" }

[[move.package]]
id = "Sui"
source = { git = "https://github.com/MystenLabs/sui.git", rev = "framework/testnet", subdir = "crates/sui-framework/packages/sui-framework" }

dependencies = [
  { id = "MoveStdlib", name = "MoveStdlib" },
]

[move.toolchain-version]
compiler-version = "1.49.1"
edition = "2024"
flavor = "sui"

[env]

[env.testnet]
chain-id = "4c78adac"
original-published-id = "0x6747e0d91c94b05c9c72fbf36653dab4224e1429a2e80f4d25b7f919087f03db"
latest-published-id = "0x6747e0d91c94b05c9c72fbf36653dab4224e1429a2e80f4d25b7f919087f03db"
published-version = "1"
